
Microsoft Visual Studio Solution File, Format Version 12.00
# Visual Studio Version 16
VisualStudioVersion = 16.0.29911.84
MinimumVisualStudioVersion = 10.0.40219.1
Project("{9A19103F-16F7-4668-BE54-9A1E7A4F7556}") = "ManagerApp", "ManagerApp.csproj", "{91A03BC3-C3A1-439A-B848-F4C5CA5E1FD8}"
EndProject
Project("{9A19103F-16F7-4668-BE54-9A1E7A4F7556}") = "Core", "..\Core\Core.csproj", "{50698C05-22E5-4E4E-BD0C-22A25FC83F94}"
EndProject
Project("{9A19103F-16F7-4668-BE54-9A1E7A4F7556}") = "Models", "..\Models\Models.csproj", "{C0F6ADBA-A744-405A-8F8C-4B28CF03C59F}"
EndProject
Project("{9A19103F-16F7-4668-BE54-9A1E7A4F7556}") = "Startup", "..\Startup\Startup.csproj", "{314F753E-4507-47F1-BB0B-83C23D3FBE31}"
EndProject
Project("{9A19103F-16F7-4668-BE54-9A1E7A4F7556}") = "Login", "..\Login\Login.csproj", "{4978C156-AC9A-46DE-B3CF-C8261C3C5454}"
EndProject
Project("{9A19103F-16F7-4668-BE54-9A1E7A4F7556}") = "TeacherApp", "..\TeacherApp\TeacherApp.csproj", "{5096CBE2-FA5A-4135-9DDE-FBBF04237F71}"
EndProject
Project("{FAE04EC0-301F-11D3-BF4B-00C04F79EFBC}") = "StudentApp", "..\StudentApp\StudentApp.csproj", "{B3AD74D3-B5BE-4D6E-B7A6-EDEB7501DB72}"
EndProject
Global
	GlobalSection(SolutionConfigurationPlatforms) = preSolution
		Debug|Any CPU = Debug|Any CPU
		Release|Any CPU = Release|Any CPU
	EndGlobalSection
	GlobalSection(ProjectConfigurationPlatforms) = postSolution
		{91A03BC3-C3A1-439A-B848-F4C5CA5E1FD8}.Debug|Any CPU.ActiveCfg = Debug|Any CPU
		{91A03BC3-C3A1-439A-B848-F4C5CA5E1FD8}.Debug|Any CPU.Build.0 = Debug|Any CPU
		{91A03BC3-C3A1-439A-B848-F4C5CA5E1FD8}.Release|Any CPU.ActiveCfg = Release|Any CPU
		{91A03BC3-C3A1-439A-B848-F4C5CA5E1FD8}.Release|Any CPU.Build.0 = Release|Any CPU
		{50698C05-22E5-4E4E-BD0C-22A25FC83F94}.Debug|Any CPU.ActiveCfg = Debug|Any CPU
		{50698C05-22E5-4E4E-BD0C-22A25FC83F94}.Debug|Any CPU.Build.0 = Debug|Any CPU
		{50698C05-22E5-4E4E-BD0C-22A25FC83F94}.Release|Any CPU.ActiveCfg = Release|Any CPU
		{50698C05-22E5-4E4E-BD0C-22A25FC83F94}.Release|Any CPU.Build.0 = Release|Any CPU
		{C0F6ADBA-A744-405A-8F8C-4B28CF03C59F}.Debug|Any CPU.ActiveCfg = Debug|Any CPU
		{C0F6ADBA-A744-405A-8F8C-4B28CF03C59F}.Debug|Any CPU.Build.0 = Debug|Any CPU
		{C0F6ADBA-A744-405A-8F8C-4B28CF03C59F}.Release|Any CPU.ActiveCfg = Release|Any CPU
		{C0F6ADBA-A744-405A-8F8C-4B28CF03C59F}.Release|Any CPU.Build.0 = Release|Any CPU
		{314F753E-4507-47F1-BB0B-83C23D3FBE31}.Debug|Any CPU.ActiveCfg = Debug|Any CPU
		{314F753E-4507-47F1-BB0B-83C23D3FBE31}.Debug|Any CPU.Build.0 = Debug|Any CPU
		{314F753E-4507-47F1-BB0B-83C23D3FBE31}.Release|Any CPU.ActiveCfg = Release|Any CPU
		{314F753E-4507-47F1-BB0B-83C23D3FBE31}.Release|Any CPU.Build.0 = Release|Any CPU
		{4978C156-AC9A-46DE-B3CF-C8261C3C5454}.Debug|Any CPU.ActiveCfg = Debug|Any CPU
		{4978C156-AC9A-46DE-B3CF-C8261C3C5454}.Debug|Any CPU.Build.0 = Debug|Any CPU
		{4978C156-AC9A-46DE-B3CF-C8261C3C5454}.Release|Any CPU.ActiveCfg = Release|Any CPU
		{4978C156-AC9A-46DE-B3CF-C8261C3C5454}.Release|Any CPU.Build.0 = Release|Any CPU
		{5096CBE2-FA5A-4135-9DDE-FBBF04237F71}.Debug|Any CPU.ActiveCfg = Debug|Any CPU
		{5096CBE2-FA5A-4135-9DDE-FBBF04237F71}.Debug|Any CPU.Build.0 = Debug|Any CPU
		{5096CBE2-FA5A-4135-9DDE-FBBF04237F71}.Release|Any CPU.ActiveCfg = Release|Any CPU
		{5096CBE2-FA5A-4135-9DDE-FBBF04237F71}.Release|Any CPU.Build.0 = Release|Any CPU
		{B3AD74D3-B5BE-4D6E-B7A6-EDEB7501DB72}.Debug|Any CPU.ActiveCfg = Debug|Any CPU
		{B3AD74D3-B5BE-4D6E-B7A6-EDEB7501DB72}.Debug|Any CPU.Build.0 = Debug|Any CPU
		{B3AD74D3-B5BE-4D6E-B7A6-EDEB7501DB72}.Release|Any CPU.ActiveCfg = Release|Any CPU
		{B3AD74D3-B5BE-4D6E-B7A6-EDEB7501DB72}.Release|Any CPU.Build.0 = Release|Any CPU
	EndGlobalSection
	GlobalSection(SolutionProperties) = preSolution
		HideSolutionNode = FALSE
	EndGlobalSection
	GlobalSection(ExtensibilityGlobals) = postSolution
		SolutionGuid = {9600DC0E-DE04-4F6E-98C8-3AF31B2C5A5E}
	EndGlobalSection
EndGlobal
