
Microsoft Visual Studio Solution File, Format Version 12.00
# Visual Studio Version 16
VisualStudioVersion = 16.0.29911.84
MinimumVisualStudioVersion = 10.0.40219.1
Project("{9A19103F-16F7-4668-BE54-9A1E7A4F7556}") = "ManagerApp", "ManagerApp.csproj", "{91A03BC3-C3A1-439A-B848-F4C5CA5E1FD8}"
EndProject
Project("{9A19103F-16F7-4668-BE54-9A1E7A4F7556}") = "TeacherApp", "..\TeacherApp\TeacherApp.csproj", "{DB831204-22FA-4A60-B926-FEE762C167ED}"
EndProject
Project("{9A19103F-16F7-4668-BE54-9A1E7A4F7556}") = "OwnerApp", "..\HRApp\OwnerApp.csproj", "{735FD0C2-6854-4064-81DB-B6B9C9E09F24}"
EndProject
Project("{9A19103F-16F7-4668-BE54-9A1E7A4F7556}") = "Core", "..\Core\Core.csproj", "{50698C05-22E5-4E4E-BD0C-22A25FC83F94}"
EndProject
Project("{9A19103F-16F7-4668-BE54-9A1E7A4F7556}") = "Models", "..\Models\Models.csproj", "{C0F6ADBA-A744-405A-8F8C-4B28CF03C59F}"
EndProject
Project("{FAE04EC0-301F-11D3-BF4B-00C04F79EFBC}") = "Startup", "..\Startup\Startup.csproj", "{314F753E-4507-47F1-BB0B-83C23D3FBE31}"
EndProject
Global
	GlobalSection(SolutionConfigurationPlatforms) = preSolution
		Debug|Any CPU = Debug|Any CPU
		Release|Any CPU = Release|Any CPU
	EndGlobalSection
	GlobalSection(ProjectConfigurationPlatforms) = postSolution
		{91A03BC3-C3A1-439A-B848-F4C5CA5E1FD8}.Debug|Any CPU.ActiveCfg = Debug|Any CPU
		{91A03BC3-C3A1-439A-B848-F4C5CA5E1FD8}.Debug|Any CPU.Build.0 = Debug|Any CPU
		{91A03BC3-C3A1-439A-B848-F4C5CA5E1FD8}.Release|Any CPU.ActiveCfg = Release|Any CPU
		{91A03BC3-C3A1-439A-B848-F4C5CA5E1FD8}.Release|Any CPU.Build.0 = Release|Any CPU
		{DB831204-22FA-4A60-B926-FEE762C167ED}.Debug|Any CPU.ActiveCfg = Debug|Any CPU
		{DB831204-22FA-4A60-B926-FEE762C167ED}.Debug|Any CPU.Build.0 = Debug|Any CPU
		{DB831204-22FA-4A60-B926-FEE762C167ED}.Release|Any CPU.ActiveCfg = Release|Any CPU
		{DB831204-22FA-4A60-B926-FEE762C167ED}.Release|Any CPU.Build.0 = Release|Any CPU
		{735FD0C2-6854-4064-81DB-B6B9C9E09F24}.Debug|Any CPU.ActiveCfg = Debug|Any CPU
		{735FD0C2-6854-4064-81DB-B6B9C9E09F24}.Debug|Any CPU.Build.0 = Debug|Any CPU
		{735FD0C2-6854-4064-81DB-B6B9C9E09F24}.Release|Any CPU.ActiveCfg = Release|Any CPU
		{735FD0C2-6854-4064-81DB-B6B9C9E09F24}.Release|Any CPU.Build.0 = Release|Any CPU
		{50698C05-22E5-4E4E-BD0C-22A25FC83F94}.Debug|Any CPU.ActiveCfg = Debug|Any CPU
		{50698C05-22E5-4E4E-BD0C-22A25FC83F94}.Debug|Any CPU.Build.0 = Debug|Any CPU
		{50698C05-22E5-4E4E-BD0C-22A25FC83F94}.Release|Any CPU.ActiveCfg = Release|Any CPU
		{50698C05-22E5-4E4E-BD0C-22A25FC83F94}.Release|Any CPU.Build.0 = Release|Any CPU
		{C0F6ADBA-A744-405A-8F8C-4B28CF03C59F}.Debug|Any CPU.ActiveCfg = Debug|Any CPU
		{C0F6ADBA-A744-405A-8F8C-4B28CF03C59F}.Debug|Any CPU.Build.0 = Debug|Any CPU
		{C0F6ADBA-A744-405A-8F8C-4B28CF03C59F}.Release|Any CPU.ActiveCfg = Release|Any CPU
		{C0F6ADBA-A744-405A-8F8C-4B28CF03C59F}.Release|Any CPU.Build.0 = Release|Any CPU
		{314F753E-4507-47F1-BB0B-83C23D3FBE31}.Debug|Any CPU.ActiveCfg = Debug|Any CPU
		{314F753E-4507-47F1-BB0B-83C23D3FBE31}.Debug|Any CPU.Build.0 = Debug|Any CPU
		{314F753E-4507-47F1-BB0B-83C23D3FBE31}.Release|Any CPU.ActiveCfg = Release|Any CPU
		{314F753E-4507-47F1-BB0B-83C23D3FBE31}.Release|Any CPU.Build.0 = Release|Any CPU
	EndGlobalSection
	GlobalSection(SolutionProperties) = preSolution
		HideSolutionNode = FALSE
	EndGlobalSection
	GlobalSection(ExtensibilityGlobals) = postSolution
		SolutionGuid = {9600DC0E-DE04-4F6E-98C8-3AF31B2C5A5E}
	EndGlobalSection
EndGlobal
